
Microsoft Visual Studio Solution File, Format Version 12.00
# Visual Studio Version 16
VisualStudioVersion = 16.0.30309.148
MinimumVisualStudioVersion = 10.0.40219.1
Project("{FAE04EC0-301F-11D3-BF4B-00C04F79EFBC}") = "Rohham.Web.Site", "Rohham.Web.Site\Rohham.Web.Site.csproj", "{851FAC23-5D3D-4D4D-8391-F31FFD5AE162}"
EndProject
Global
	GlobalSection(SolutionConfigurationPlatforms) = preSolution
		Debug|Any CPU = Debug|Any CPU
		Release|Any CPU = Release|Any CPU
	EndGlobalSection
	GlobalSection(ProjectConfigurationPlatforms) = postSolution
		{851FAC23-5D3D-4D4D-8391-F31FFD5AE162}.Debug|Any CPU.ActiveCfg = Debug|Any CPU
		{851FAC23-5D3D-4D4D-8391-F31FFD5AE162}.Debug|Any CPU.Build.0 = Debug|Any CPU
		{851FAC23-5D3D-4D4D-8391-F31FFD5AE162}.Release|Any CPU.ActiveCfg = Release|Any CPU
		{851FAC23-5D3D-4D4D-8391-F31FFD5AE162}.Release|Any CPU.Build.0 = Release|Any CPU
	EndGlobalSection
	GlobalSection(SolutionProperties) = preSolution
		HideSolutionNode = FALSE
	EndGlobalSection
	GlobalSection(ExtensibilityGlobals) = postSolution
		SolutionGuid = {2D7BCC5E-5783-446F-ADBF-9DFE768EC1E8}
	EndGlobalSection
EndGlobal
